
Microsoft Visual Studio Solution File, Format Version 12.00
# Visual Studio Version 16
VisualStudioVersion = 16.0.31105.61
MinimumVisualStudioVersion = 10.0.40219.1
Project("{FAE04EC0-301F-11D3-BF4B-00C04F79EFBC}") = "lr6", "lr6\lr6.csproj", "{EE97E845-A423-4661-A4E3-30970520F0CE}"
EndProject
Global
	GlobalSection(SolutionConfigurationPlatforms) = preSolution
		Debug|Any CPU = Debug|Any CPU
		Release|Any CPU = Release|Any CPU
	EndGlobalSection
	GlobalSection(ProjectConfigurationPlatforms) = postSolution
		{EE97E845-A423-4661-A4E3-30970520F0CE}.Debug|Any CPU.ActiveCfg = Debug|Any CPU
		{EE97E845-A423-4661-A4E3-30970520F0CE}.Debug|Any CPU.Build.0 = Debug|Any CPU
		{EE97E845-A423-4661-A4E3-30970520F0CE}.Release|Any CPU.ActiveCfg = Release|Any CPU
		{EE97E845-A423-4661-A4E3-30970520F0CE}.Release|Any CPU.Build.0 = Release|Any CPU
	EndGlobalSection
	GlobalSection(SolutionProperties) = preSolution
		HideSolutionNode = FALSE
	EndGlobalSection
	GlobalSection(ExtensibilityGlobals) = postSolution
		SolutionGuid = {EF557421-2C1F-4481-9F08-AF99F22AA84F}
	EndGlobalSection
EndGlobal
